// !$*UTF8*$!
{
	archiveVersion = 1;
	classes = {
	};
	objectVersion = 46;
	objects = {

/* Begin PBXBuildFile section */
		9F1327931D88A5B000C3AAE8 /* HomeViewController.xib in Resources */ = {isa = PBXBuildFile; fileRef = 9F1327871D88A5B000C3AAE8 /* HomeViewController.xib */; };
		9F1327941D88A5B000C3AAE8 /* SettingAddressViewController.xib in Resources */ = {isa = PBXBuildFile; fileRef = 9F1327881D88A5B000C3AAE8 /* SettingAddressViewController.xib */; };
		9F1327951D88A5B000C3AAE8 /* BookCabViewController.xib in Resources */ = {isa = PBXBuildFile; fileRef = 9F1327891D88A5B000C3AAE8 /* BookCabViewController.xib */; };
		9F1327961D88A5B000C3AAE8 /* ReviewViewController.xib in Resources */ = {isa = PBXBuildFile; fileRef = 9F13278A1D88A5B000C3AAE8 /* ReviewViewController.xib */; };
		9F1327971D88A5B000C3AAE8 /* LocationViewController.xib in Resources */ = {isa = PBXBuildFile; fileRef = 9F13278B1D88A5B000C3AAE8 /* LocationViewController.xib */; };
		9F1327981D88A5B000C3AAE8 /* BookingStatusViewController.xib in Resources */ = {isa = PBXBuildFile; fileRef = 9F13278C1D88A5B000C3AAE8 /* BookingStatusViewController.xib */; };
		9F1327991D88A5B000C3AAE8 /* DetailsViewController.xib in Resources */ = {isa = PBXBuildFile; fileRef = 9F13278D1D88A5B000C3AAE8 /* DetailsViewController.xib */; };
		9F13279A1D88A5B000C3AAE8 /* CarsViewController.xib in Resources */ = {isa = PBXBuildFile; fileRef = 9F13278E1D88A5B000C3AAE8 /* CarsViewController.xib */; };
		9F13279B1D88A5B000C3AAE8 /* RegistrationViewController.xib in Resources */ = {isa = PBXBuildFile; fileRef = 9F13278F1D88A5B000C3AAE8 /* RegistrationViewController.xib */; };
		9F13279C1D88A5B000C3AAE8 /* BookingHistoryViewController.xib in Resources */ = {isa = PBXBuildFile; fileRef = 9F1327901D88A5B000C3AAE8 /* BookingHistoryViewController.xib */; };
		9F13279D1D88A5B000C3AAE8 /* FavouritesViewController.xib in Resources */ = {isa = PBXBuildFile; fileRef = 9F1327911D88A5B000C3AAE8 /* FavouritesViewController.xib */; };
		9F13279E1D88A5B000C3AAE8 /* HistoryViewController.xib in Resources */ = {isa = PBXBuildFile; fileRef = 9F1327921D88A5B000C3AAE8 /* HistoryViewController.xib */; };
		9F1327B71D88A5E700C3AAE8 /* HomeViewController.m in Sources */ = {isa = PBXBuildFile; fileRef = 9F13279F1D88A5E700C3AAE8 /* HomeViewController.m */; };
		9F1327B81D88A5E700C3AAE8 /* FavouritesViewController.m in Sources */ = {isa = PBXBuildFile; fileRef = 9F1327A01D88A5E700C3AAE8 /* FavouritesViewController.m */; };
		9F1327B91D88A5E700C3AAE8 /* DetailsViewController.m in Sources */ = {isa = PBXBuildFile; fileRef = 9F1327A21D88A5E700C3AAE8 /* DetailsViewController.m */; };
		9F1327BA1D88A5E700C3AAE8 /* LocationViewController.m in Sources */ = {isa = PBXBuildFile; fileRef = 9F1327A31D88A5E700C3AAE8 /* LocationViewController.m */; };
		9F1327BB1D88A5E700C3AAE8 /* BookCabViewController.m in Sources */ = {isa = PBXBuildFile; fileRef = 9F1327A41D88A5E700C3AAE8 /* BookCabViewController.m */; };
		9F1327BC1D88A5E700C3AAE8 /* HistoryViewController.m in Sources */ = {isa = PBXBuildFile; fileRef = 9F1327AA1D88A5E700C3AAE8 /* HistoryViewController.m */; };
		9F1327BD1D88A5E700C3AAE8 /* BookingHistoryViewController.m in Sources */ = {isa = PBXBuildFile; fileRef = 9F1327AB1D88A5E700C3AAE8 /* BookingHistoryViewController.m */; };
		9F1327BE1D88A5E700C3AAE8 /* BookingStatusViewController.m in Sources */ = {isa = PBXBuildFile; fileRef = 9F1327AC1D88A5E700C3AAE8 /* BookingStatusViewController.m */; };
		9F1327BF1D88A5E700C3AAE8 /* ReviewViewController.m in Sources */ = {isa = PBXBuildFile; fileRef = 9F1327AD1D88A5E700C3AAE8 /* ReviewViewController.m */; };
		9F1327C01D88A5E700C3AAE8 /* CarsViewController.m in Sources */ = {isa = PBXBuildFile; fileRef = 9F1327AE1D88A5E700C3AAE8 /* CarsViewController.m */; };
		9F1327C11D88A5E700C3AAE8 /* RegistrationViewController.m in Sources */ = {isa = PBXBuildFile; fileRef = 9F1327AF1D88A5E700C3AAE8 /* RegistrationViewController.m */; };
		9F1327C21D88A5E700C3AAE8 /* SettingAddressViewController.m in Sources */ = {isa = PBXBuildFile; fileRef = 9F1327B01D88A5E700C3AAE8 /* SettingAddressViewController.m */; };
		9F1327E11D88A62900C3AAE8 /* facebook.jpeg in Resources */ = {isa = PBXBuildFile; fileRef = 9F1327C31D88A62900C3AAE8 /* facebook.jpeg */; };
		9F1327E21D88A62900C3AAE8 /* marker.png in Resources */ = {isa = PBXBuildFile; fileRef = 9F1327C41D88A62900C3AAE8 /* marker.png */; };
		9F1327E31D88A62900C3AAE8 /* yellowCar.png in Resources */ = {isa = PBXBuildFile; fileRef = 9F1327C51D88A62900C3AAE8 /* yellowCar.png */; };
		9F1327E41D88A62900C3AAE8 /* redCar.png in Resources */ = {isa = PBXBuildFile; fileRef = 9F1327C61D88A62900C3AAE8 /* redCar.png */; };
		9F1327E51D88A62900C3AAE8 /* close.png in Resources */ = {isa = PBXBuildFile; fileRef = 9F1327C71D88A62900C3AAE8 /* close.png */; };
		9F1327E61D88A62900C3AAE8 /* Icon.png in Resources */ = {isa = PBXBuildFile; fileRef = 9F1327C81D88A62900C3AAE8 /* Icon.png */; };
		9F1327E71D88A62900C3AAE8 /* Icon@2x.png in Resources */ = {isa = PBXBuildFile; fileRef = 9F1327C91D88A62900C3AAE8 /* Icon@2x.png */; };
		9F1327E81D88A62900C3AAE8 /* mapsiconios6.png in Resources */ = {isa = PBXBuildFile; fileRef = 9F1327CA1D88A62900C3AAE8 /* mapsiconios6.png */; };
		9F1327E91D88A62900C3AAE8 /* From.png in Resources */ = {isa = PBXBuildFile; fileRef = 9F1327CB1D88A62900C3AAE8 /* From.png */; };
		9F1327EA1D88A62900C3AAE8 /* to.png in Resources */ = {isa = PBXBuildFile; fileRef = 9F1327CC1D88A62900C3AAE8 /* to.png */; };
		9F1327EB1D88A62900C3AAE8 /* people-icon.png in Resources */ = {isa = PBXBuildFile; fileRef = 9F1327CD1D88A62900C3AAE8 /* people-icon.png */; };
		9F1327EC1D88A62900C3AAE8 /* clock-icon-hi.png in Resources */ = {isa = PBXBuildFile; fileRef = 9F1327CE1D88A62900C3AAE8 /* clock-icon-hi.png */; };
		9F1327ED1D88A62900C3AAE8 /* car.png in Resources */ = {isa = PBXBuildFile; fileRef = 9F1327CF1D88A62900C3AAE8 /* car.png */; };
		9F1327EE1D88A62900C3AAE8 /* backg.jpeg in Resources */ = {isa = PBXBuildFile; fileRef = 9F1327D01D88A62900C3AAE8 /* backg.jpeg */; };
		9F1327EF1D88A62900C3AAE8 /* line_separator.png in Resources */ = {isa = PBXBuildFile; fileRef = 9F1327D11D88A62900C3AAE8 /* line_separator.png */; };
		9F1327F01D88A62900C3AAE8 /* favourites.png in Resources */ = {isa = PBXBuildFile; fileRef = 9F1327D21D88A62900C3AAE8 /* favourites.png */; };
		9F1327F11D88A62900C3AAE8 /* office.png in Resources */ = {isa = PBXBuildFile; fileRef = 9F1327D31D88A62900C3AAE8 /* office.png */; };
		9F1327F21D88A62900C3AAE8 /* home.png in Resources */ = {isa = PBXBuildFile; fileRef = 9F1327D41D88A62900C3AAE8 /* home.png */; };
		9F1327F31D88A62900C3AAE8 /* checkPoint.png in Resources */ = {isa = PBXBuildFile; fileRef = 9F1327D51D88A62900C3AAE8 /* checkPoint.png */; };
		9F1327F41D88A62900C3AAE8 /* from.jpg in Resources */ = {isa = PBXBuildFile; fileRef = 9F1327D61D88A62900C3AAE8 /* from.jpg */; };
		9F1327F51D88A62900C3AAE8 /* Clock-Small.png in Resources */ = {isa = PBXBuildFile; fileRef = 9F1327D71D88A62900C3AAE8 /* Clock-Small.png */; };
		9F1327F61D88A62900C3AAE8 /* pencil-small-icon.png in Resources */ = {isa = PBXBuildFile; fileRef = 9F1327D81D88A62900C3AAE8 /* pencil-small-icon.png */; };
		9F1327F71D88A62900C3AAE8 /* 1c39fc8f48fe4f7fc2e30d819c3c66e7 copy.png in Resources */ = {isa = PBXBuildFile; fileRef = 9F1327D91D88A62900C3AAE8 /* 1c39fc8f48fe4f7fc2e30d819c3c66e7 copy.png */; };
		9F1327F81D88A62900C3AAE8 /* Logga.jpg in Resources */ = {isa = PBXBuildFile; fileRef = 9F1327DA1D88A62900C3AAE8 /* Logga.jpg */; };
		9F1327F91D88A62900C3AAE8 /* taxi.jpg in Resources */ = {isa = PBXBuildFile; fileRef = 9F1327DB1D88A62900C3AAE8 /* taxi.jpg */; };
		9F1327FA1D88A62900C3AAE8 /* benz.jpg in Resources */ = {isa = PBXBuildFile; fileRef = 9F1327DC1D88A62900C3AAE8 /* benz.jpg */; };
		9F1327FB1D88A62900C3AAE8 /* audi.jpg in Resources */ = {isa = PBXBuildFile; fileRef = 9F1327DD1D88A62900C3AAE8 /* audi.jpg */; };
		9F1327FC1D88A62900C3AAE8 /* calendar.png in Resources */ = {isa = PBXBuildFile; fileRef = 9F1327DE1D88A62900C3AAE8 /* calendar.png */; };
		9F1327FD1D88A62900C3AAE8 /* carLogo.jpg in Resources */ = {isa = PBXBuildFile; fileRef = 9F1327DF1D88A62900C3AAE8 /* carLogo.jpg */; };
		9F1327FE1D88A62900C3AAE8 /* cabDetails.jpg in Resources */ = {isa = PBXBuildFile; fileRef = 9F1327E01D88A62900C3AAE8 /* cabDetails.jpg */; };
		A20B21D3184C4B57007D09A6 /* Foundation.framework in Frameworks */ = {isa = PBXBuildFile; fileRef = A20B21D2184C4B57007D09A6 /* Foundation.framework */; };
		A20B21D5184C4B57007D09A6 /* CoreGraphics.framework in Frameworks */ = {isa = PBXBuildFile; fileRef = A20B21D4184C4B57007D09A6 /* CoreGraphics.framework */; };
		A20B21D7184C4B57007D09A6 /* UIKit.framework in Frameworks */ = {isa = PBXBuildFile; fileRef = A20B21D6184C4B57007D09A6 /* UIKit.framework */; };
		A20B21DD184C4B57007D09A6 /* InfoPlist.strings in Resources */ = {isa = PBXBuildFile; fileRef = A20B21DB184C4B57007D09A6 /* InfoPlist.strings */; };
		A20B21DF184C4B57007D09A6 /* main.m in Sources */ = {isa = PBXBuildFile; fileRef = A20B21DE184C4B57007D09A6 /* main.m */; };
		A20B21E3184C4B57007D09A6 /* AppDelegate.m in Sources */ = {isa = PBXBuildFile; fileRef = A20B21E2184C4B57007D09A6 /* AppDelegate.m */; };
		A20B21E5184C4B57007D09A6 /* Images.xcassets in Resources */ = {isa = PBXBuildFile; fileRef = A20B21E4184C4B57007D09A6 /* Images.xcassets */; };
		A20B21EC184C4B57007D09A6 /* XCTest.framework in Frameworks */ = {isa = PBXBuildFile; fileRef = A20B21EB184C4B57007D09A6 /* XCTest.framework */; };
		A20B21ED184C4B57007D09A6 /* Foundation.framework in Frameworks */ = {isa = PBXBuildFile; fileRef = A20B21D2184C4B57007D09A6 /* Foundation.framework */; };
		A20B21EE184C4B57007D09A6 /* UIKit.framework in Frameworks */ = {isa = PBXBuildFile; fileRef = A20B21D6184C4B57007D09A6 /* UIKit.framework */; };
		A20B21F6184C4B57007D09A6 /* InfoPlist.strings in Resources */ = {isa = PBXBuildFile; fileRef = A20B21F4184C4B57007D09A6 /* InfoPlist.strings */; };
		A20B21F8184C4B57007D09A6 /* CarRentalTests.m in Sources */ = {isa = PBXBuildFile; fileRef = A20B21F7184C4B57007D09A6 /* CarRentalTests.m */; };
		A2936B2A184F58A900C05D03 /* QuartzCore.framework in Frameworks */ = {isa = PBXBuildFile; fileRef = A2936B29184F58A900C05D03 /* QuartzCore.framework */; };
		A293E0EC184DE0410080DEE9 /* MapKit.framework in Frameworks */ = {isa = PBXBuildFile; fileRef = A293E0EB184DE0410080DEE9 /* MapKit.framework */; };
		A293E0EE184DE04A0080DEE9 /* CoreLocation.framework in Frameworks */ = {isa = PBXBuildFile; fileRef = A293E0ED184DE04A0080DEE9 /* CoreLocation.framework */; };
/* End PBXBuildFile section */

/* Begin PBXContainerItemProxy section */
		A20B21EF184C4B57007D09A6 /* PBXContainerItemProxy */ = {
			isa = PBXContainerItemProxy;
			containerPortal = A20B21C7184C4B57007D09A6 /* Project object */;
			proxyType = 1;
			remoteGlobalIDString = A20B21CE184C4B57007D09A6;
			remoteInfo = CarRental;
		};
/* End PBXContainerItemProxy section */

/* Begin PBXFileReference section */
		9F1327871D88A5B000C3AAE8 /* HomeViewController.xib */ = {isa = PBXFileReference; fileEncoding = 4; lastKnownFileType = file.xib; name = HomeViewController.xib; path = CarRental/HomeViewController.xib; sourceTree = "<group>"; };
		9F1327881D88A5B000C3AAE8 /* SettingAddressViewController.xib */ = {isa = PBXFileReference; fileEncoding = 4; lastKnownFileType = file.xib; name = SettingAddressViewController.xib; path = CarRental/SettingAddressViewController.xib; sourceTree = "<group>"; };
		9F1327891D88A5B000C3AAE8 /* BookCabViewController.xib */ = {isa = PBXFileReference; fileEncoding = 4; lastKnownFileType = file.xib; name = BookCabViewController.xib; path = CarRental/BookCabViewController.xib; sourceTree = "<group>"; };
		9F13278A1D88A5B000C3AAE8 /* ReviewViewController.xib */ = {isa = PBXFileReference; fileEncoding = 4; lastKnownFileType = file.xib; name = ReviewViewController.xib; path = CarRental/ReviewViewController.xib; sourceTree = "<group>"; };
		9F13278B1D88A5B000C3AAE8 /* LocationViewController.xib */ = {isa = PBXFileReference; fileEncoding = 4; lastKnownFileType = file.xib; name = LocationViewController.xib; path = CarRental/LocationViewController.xib; sourceTree = "<group>"; };
		9F13278C1D88A5B000C3AAE8 /* BookingStatusViewController.xib */ = {isa = PBXFileReference; fileEncoding = 4; lastKnownFileType = file.xib; name = BookingStatusViewController.xib; path = CarRental/BookingStatusViewController.xib; sourceTree = "<group>"; };
		9F13278D1D88A5B000C3AAE8 /* DetailsViewController.xib */ = {isa = PBXFileReference; fileEncoding = 4; lastKnownFileType = file.xib; name = DetailsViewController.xib; path = CarRental/DetailsViewController.xib; sourceTree = "<group>"; };
		9F13278E1D88A5B000C3AAE8 /* CarsViewController.xib */ = {isa = PBXFileReference; fileEncoding = 4; lastKnownFileType = file.xib; name = CarsViewController.xib; path = CarRental/CarsViewController.xib; sourceTree = "<group>"; };
		9F13278F1D88A5B000C3AAE8 /* RegistrationViewController.xib */ = {isa = PBXFileReference; fileEncoding = 4; lastKnownFileType = file.xib; name = RegistrationViewController.xib; path = CarRental/RegistrationViewController.xib; sourceTree = "<group>"; };
		9F1327901D88A5B000C3AAE8 /* BookingHistoryViewController.xib */ = {isa = PBXFileReference; fileEncoding = 4; lastKnownFileType = file.xib; name = BookingHistoryViewController.xib; path = CarRental/BookingHistoryViewController.xib; sourceTree = "<group>"; };
		9F1327911D88A5B000C3AAE8 /* FavouritesViewController.xib */ = {isa = PBXFileReference; fileEncoding = 4; lastKnownFileType = file.xib; name = FavouritesViewController.xib; path = CarRental/FavouritesViewController.xib; sourceTree = "<group>"; };
		9F1327921D88A5B000C3AAE8 /* HistoryViewController.xib */ = {isa = PBXFileReference; fileEncoding = 4; lastKnownFileType = file.xib; name = HistoryViewController.xib; path = CarRental/HistoryViewController.xib; sourceTree = "<group>"; };
		9F13279F1D88A5E700C3AAE8 /* HomeViewController.m */ = {isa = PBXFileReference; fileEncoding = 4; lastKnownFileType = sourcecode.c.objc; name = HomeViewController.m; path = CarRental/HomeViewController.m; sourceTree = "<group>"; };
		9F1327A01D88A5E700C3AAE8 /* FavouritesViewController.m */ = {isa = PBXFileReference; fileEncoding = 4; lastKnownFileType = sourcecode.c.objc; name = FavouritesViewController.m; path = CarRental/FavouritesViewController.m; sourceTree = "<group>"; };
		9F1327A11D88A5E700C3AAE8 /* FavouritesViewController.h */ = {isa = PBXFileReference; fileEncoding = 4; lastKnownFileType = sourcecode.c.h; name = FavouritesViewController.h; path = CarRental/FavouritesViewController.h; sourceTree = "<group>"; };
		9F1327A21D88A5E700C3AAE8 /* DetailsViewController.m */ = {isa = PBXFileReference; fileEncoding = 4; lastKnownFileType = sourcecode.c.objc; name = DetailsViewController.m; path = CarRental/DetailsViewController.m; sourceTree = "<group>"; };
		9F1327A31D88A5E700C3AAE8 /* LocationViewController.m */ = {isa = PBXFileReference; fileEncoding = 4; lastKnownFileType = sourcecode.c.objc; name = LocationViewController.m; path = CarRental/LocationViewController.m; sourceTree = "<group>"; };
		9F1327A41D88A5E700C3AAE8 /* BookCabViewController.m */ = {isa = PBXFileReference; fileEncoding = 4; lastKnownFileType = sourcecode.c.objc; name = BookCabViewController.m; path = CarRental/BookCabViewController.m; sourceTree = "<group>"; };
		9F1327A51D88A5E700C3AAE8 /* BookCabViewController.h */ = {isa = PBXFileReference; fileEncoding = 4; lastKnownFileType = sourcecode.c.h; name = BookCabViewController.h; path = CarRental/BookCabViewController.h; sourceTree = "<group>"; };
		9F1327A61D88A5E700C3AAE8 /* CarsViewController.h */ = {isa = PBXFileReference; fileEncoding = 4; lastKnownFileType = sourcecode.c.h; name = CarsViewController.h; path = CarRental/CarsViewController.h; sourceTree = "<group>"; };
		9F1327A71D88A5E700C3AAE8 /* DetailsViewController.h */ = {isa = PBXFileReference; fileEncoding = 4; lastKnownFileType = sourcecode.c.h; name = DetailsViewController.h; path = CarRental/DetailsViewController.h; sourceTree = "<group>"; };
		9F1327A81D88A5E700C3AAE8 /* LocationViewController.h */ = {isa = PBXFileReference; fileEncoding = 4; lastKnownFileType = sourcecode.c.h; name = LocationViewController.h; path = CarRental/LocationViewController.h; sourceTree = "<group>"; };
		9F1327A91D88A5E700C3AAE8 /* RegistrationViewController.h */ = {isa = PBXFileReference; fileEncoding = 4; lastKnownFileType = sourcecode.c.h; name = RegistrationViewController.h; path = CarRental/RegistrationViewController.h; sourceTree = "<group>"; };
		9F1327AA1D88A5E700C3AAE8 /* HistoryViewController.m */ = {isa = PBXFileReference; fileEncoding = 4; lastKnownFileType = sourcecode.c.objc; name = HistoryViewController.m; path = CarRental/HistoryViewController.m; sourceTree = "<group>"; };
		9F1327AB1D88A5E700C3AAE8 /* BookingHistoryViewController.m */ = {isa = PBXFileReference; fileEncoding = 4; lastKnownFileType = sourcecode.c.objc; name = BookingHistoryViewController.m; path = CarRental/BookingHistoryViewController.m; sourceTree = "<group>"; };
		9F1327AC1D88A5E700C3AAE8 /* BookingStatusViewController.m */ = {isa = PBXFileReference; fileEncoding = 4; lastKnownFileType = sourcecode.c.objc; name = BookingStatusViewController.m; path = CarRental/BookingStatusViewController.m; sourceTree = "<group>"; };
		9F1327AD1D88A5E700C3AAE8 /* ReviewViewController.m */ = {isa = PBXFileReference; fileEncoding = 4; lastKnownFileType = sourcecode.c.objc; name = ReviewViewController.m; path = CarRental/ReviewViewController.m; sourceTree = "<group>"; };
		9F1327AE1D88A5E700C3AAE8 /* CarsViewController.m */ = {isa = PBXFileReference; fileEncoding = 4; lastKnownFileType = sourcecode.c.objc; name = CarsViewController.m; path = CarRental/CarsViewController.m; sourceTree = "<group>"; };
		9F1327AF1D88A5E700C3AAE8 /* RegistrationViewController.m */ = {isa = PBXFileReference; fileEncoding = 4; lastKnownFileType = sourcecode.c.objc; name = RegistrationViewController.m; path = CarRental/RegistrationViewController.m; sourceTree = "<group>"; };
		9F1327B01D88A5E700C3AAE8 /* SettingAddressViewController.m */ = {isa = PBXFileReference; fileEncoding = 4; lastKnownFileType = sourcecode.c.objc; name = SettingAddressViewController.m; path = CarRental/SettingAddressViewController.m; sourceTree = "<group>"; };
		9F1327B11D88A5E700C3AAE8 /* SettingAddressViewController.h */ = {isa = PBXFileReference; fileEncoding = 4; lastKnownFileType = sourcecode.c.h; name = SettingAddressViewController.h; path = CarRental/SettingAddressViewController.h; sourceTree = "<group>"; };
		9F1327B21D88A5E700C3AAE8 /* BookingHistoryViewController.h */ = {isa = PBXFileReference; fileEncoding = 4; lastKnownFileType = sourcecode.c.h; name = BookingHistoryViewController.h; path = CarRental/BookingHistoryViewController.h; sourceTree = "<group>"; };
		9F1327B31D88A5E700C3AAE8 /* HistoryViewController.h */ = {isa = PBXFileReference; fileEncoding = 4; lastKnownFileType = sourcecode.c.h; name = HistoryViewController.h; path = CarRental/HistoryViewController.h; sourceTree = "<group>"; };
		9F1327B41D88A5E700C3AAE8 /* HomeViewController.h */ = {isa = PBXFileReference; fileEncoding = 4; lastKnownFileType = sourcecode.c.h; name = HomeViewController.h; path = CarRental/HomeViewController.h; sourceTree = "<group>"; };
		9F1327B51D88A5E700C3AAE8 /* ReviewViewController.h */ = {isa = PBXFileReference; fileEncoding = 4; lastKnownFileType = sourcecode.c.h; name = ReviewViewController.h; path = CarRental/ReviewViewController.h; sourceTree = "<group>"; };
		9F1327B61D88A5E700C3AAE8 /* BookingStatusViewController.h */ = {isa = PBXFileReference; fileEncoding = 4; lastKnownFileType = sourcecode.c.h; name = BookingStatusViewController.h; path = CarRental/BookingStatusViewController.h; sourceTree = "<group>"; };
		9F1327C31D88A62900C3AAE8 /* facebook.jpeg */ = {isa = PBXFileReference; lastKnownFileType = image.jpeg; name = facebook.jpeg; path = CarRental/facebook.jpeg; sourceTree = "<group>"; };
		9F1327C41D88A62900C3AAE8 /* marker.png */ = {isa = PBXFileReference; lastKnownFileType = image.png; name = marker.png; path = CarRental/marker.png; sourceTree = "<group>"; };
		9F1327C51D88A62900C3AAE8 /* yellowCar.png */ = {isa = PBXFileReference; lastKnownFileType = image.png; name = yellowCar.png; path = CarRental/yellowCar.png; sourceTree = "<group>"; };
		9F1327C61D88A62900C3AAE8 /* redCar.png */ = {isa = PBXFileReference; lastKnownFileType = image.png; name = redCar.png; path = CarRental/redCar.png; sourceTree = "<group>"; };
		9F1327C71D88A62900C3AAE8 /* close.png */ = {isa = PBXFileReference; lastKnownFileType = image.png; name = close.png; path = CarRental/close.png; sourceTree = "<group>"; };
		9F1327C81D88A62900C3AAE8 /* Icon.png */ = {isa = PBXFileReference; lastKnownFileType = image.png; name = Icon.png; path = CarRental/Icon.png; sourceTree = "<group>"; };
		9F1327C91D88A62900C3AAE8 /* Icon@2x.png */ = {isa = PBXFileReference; lastKnownFileType = image.png; name = "Icon@2x.png"; path = "CarRental/Icon@2x.png"; sourceTree = "<group>"; };
		9F1327CA1D88A62900C3AAE8 /* mapsiconios6.png */ = {isa = PBXFileReference; lastKnownFileType = image.png; name = mapsiconios6.png; path = CarRental/mapsiconios6.png; sourceTree = "<group>"; };
		9F1327CB1D88A62900C3AAE8 /* From.png */ = {isa = PBXFileReference; lastKnownFileType = image.png; name = From.png; path = CarRental/From.png; sourceTree = "<group>"; };
		9F1327CC1D88A62900C3AAE8 /* to.png */ = {isa = PBXFileReference; lastKnownFileType = image.png; name = to.png; path = CarRental/to.png; sourceTree = "<group>"; };
		9F1327CD1D88A62900C3AAE8 /* people-icon.png */ = {isa = PBXFileReference; lastKnownFileType = image.png; name = "people-icon.png"; path = "CarRental/people-icon.png"; sourceTree = "<group>"; };
		9F1327CE1D88A62900C3AAE8 /* clock-icon-hi.png */ = {isa = PBXFileReference; lastKnownFileType = image.png; name = "clock-icon-hi.png"; path = "CarRental/clock-icon-hi.png"; sourceTree = "<group>"; };
		9F1327CF1D88A62900C3AAE8 /* car.png */ = {isa = PBXFileReference; lastKnownFileType = image.png; name = car.png; path = CarRental/car.png; sourceTree = "<group>"; };
		9F1327D01D88A62900C3AAE8 /* backg.jpeg */ = {isa = PBXFileReference; lastKnownFileType = image.jpeg; name = backg.jpeg; path = CarRental/backg.jpeg; sourceTree = "<group>"; };
		9F1327D11D88A62900C3AAE8 /* line_separator.png */ = {isa = PBXFileReference; lastKnownFileType = image.png; name = line_separator.png; path = CarRental/line_separator.png; sourceTree = "<group>"; };
		9F1327D21D88A62900C3AAE8 /* favourites.png */ = {isa = PBXFileReference; lastKnownFileType = image.png; name = favourites.png; path = CarRental/favourites.png; sourceTree = "<group>"; };
		9F1327D31D88A62900C3AAE8 /* office.png */ = {isa = PBXFileReference; lastKnownFileType = image.png; name = office.png; path = CarRental/office.png; sourceTree = "<group>"; };
		9F1327D41D88A62900C3AAE8 /* home.png */ = {isa = PBXFileReference; lastKnownFileType = image.png; name = home.png; path = CarRental/home.png; sourceTree = "<group>"; };
		9F1327D51D88A62900C3AAE8 /* checkPoint.png */ = {isa = PBXFileReference; lastKnownFileType = image.png; name = checkPoint.png; path = CarRental/checkPoint.png; sourceTree = "<group>"; };
		9F1327D61D88A62900C3AAE8 /* from.jpg */ = {isa = PBXFileReference; lastKnownFileType = image.jpeg; name = from.jpg; path = CarRental/from.jpg; sourceTree = "<group>"; };
		9F1327D71D88A62900C3AAE8 /* Clock-Small.png */ = {isa = PBXFileReference; lastKnownFileType = image.png; name = "Clock-Small.png"; path = "CarRental/Clock-Small.png"; sourceTree = "<group>"; };
		9F1327D81D88A62900C3AAE8 /* pencil-small-icon.png */ = {isa = PBXFileReference; lastKnownFileType = image.png; name = "pencil-small-icon.png"; path = "CarRental/pencil-small-icon.png"; sourceTree = "<group>"; };
		9F1327D91D88A62900C3AAE8 /* 1c39fc8f48fe4f7fc2e30d819c3c66e7 copy.png */ = {isa = PBXFileReference; lastKnownFileType = image.png; name = "1c39fc8f48fe4f7fc2e30d819c3c66e7 copy.png"; path = "CarRental/1c39fc8f48fe4f7fc2e30d819c3c66e7 copy.png"; sourceTree = "<group>"; };
		9F1327DA1D88A62900C3AAE8 /* Logga.jpg */ = {isa = PBXFileReference; lastKnownFileType = image.jpeg; name = Logga.jpg; path = CarRental/Logga.jpg; sourceTree = "<group>"; };
		9F1327DB1D88A62900C3AAE8 /* taxi.jpg */ = {isa = PBXFileReference; lastKnownFileType = image.jpeg; name = taxi.jpg; path = CarRental/taxi.jpg; sourceTree = "<group>"; };
		9F1327DC1D88A62900C3AAE8 /* benz.jpg */ = {isa = PBXFileReference; lastKnownFileType = image.jpeg; name = benz.jpg; path = CarRental/benz.jpg; sourceTree = "<group>"; };
		9F1327DD1D88A62900C3AAE8 /* audi.jpg */ = {isa = PBXFileReference; lastKnownFileType = image.jpeg; name = audi.jpg; path = CarRental/audi.jpg; sourceTree = "<group>"; };
		9F1327DE1D88A62900C3AAE8 /* calendar.png */ = {isa = PBXFileReference; lastKnownFileType = image.png; name = calendar.png; path = CarRental/calendar.png; sourceTree = "<group>"; };
		9F1327DF1D88A62900C3AAE8 /* carLogo.jpg */ = {isa = PBXFileReference; lastKnownFileType = image.jpeg; name = carLogo.jpg; path = CarRental/carLogo.jpg; sourceTree = "<group>"; };
		9F1327E01D88A62900C3AAE8 /* cabDetails.jpg */ = {isa = PBXFileReference; lastKnownFileType = image.jpeg; name = cabDetails.jpg; path = CarRental/cabDetails.jpg; sourceTree = "<group>"; };
		A20B21CF184C4B57007D09A6 /* CarRental.app */ = {isa = PBXFileReference; explicitFileType = wrapper.application; includeInIndex = 0; path = CarRental.app; sourceTree = BUILT_PRODUCTS_DIR; };
		A20B21D2184C4B57007D09A6 /* Foundation.framework */ = {isa = PBXFileReference; lastKnownFileType = wrapper.framework; name = Foundation.framework; path = System/Library/Frameworks/Foundation.framework; sourceTree = SDKROOT; };
		A20B21D4184C4B57007D09A6 /* CoreGraphics.framework */ = {isa = PBXFileReference; lastKnownFileType = wrapper.framework; name = CoreGraphics.framework; path = System/Library/Frameworks/CoreGraphics.framework; sourceTree = SDKROOT; };
		A20B21D6184C4B57007D09A6 /* UIKit.framework */ = {isa = PBXFileReference; lastKnownFileType = wrapper.framework; name = UIKit.framework; path = System/Library/Frameworks/UIKit.framework; sourceTree = SDKROOT; };
		A20B21DA184C4B57007D09A6 /* CarRental-Info.plist */ = {isa = PBXFileReference; lastKnownFileType = text.plist.xml; path = "CarRental-Info.plist"; sourceTree = "<group>"; };
		A20B21DC184C4B57007D09A6 /* en */ = {isa = PBXFileReference; lastKnownFileType = text.plist.strings; name = en; path = en.lproj/InfoPlist.strings; sourceTree = "<group>"; };
		A20B21DE184C4B57007D09A6 /* main.m */ = {isa = PBXFileReference; lastKnownFileType = sourcecode.c.objc; path = main.m; sourceTree = "<group>"; };
		A20B21E0184C4B57007D09A6 /* CarRental-Prefix.pch */ = {isa = PBXFileReference; lastKnownFileType = sourcecode.c.h; path = "CarRental-Prefix.pch"; sourceTree = "<group>"; };
		A20B21E1184C4B57007D09A6 /* AppDelegate.h */ = {isa = PBXFileReference; lastKnownFileType = sourcecode.c.h; path = AppDelegate.h; sourceTree = "<group>"; };
		A20B21E2184C4B57007D09A6 /* AppDelegate.m */ = {isa = PBXFileReference; lastKnownFileType = sourcecode.c.objc; path = AppDelegate.m; sourceTree = "<group>"; };
		A20B21E4184C4B57007D09A6 /* Images.xcassets */ = {isa = PBXFileReference; lastKnownFileType = folder.assetcatalog; path = Images.xcassets; sourceTree = "<group>"; };
		A20B21EA184C4B57007D09A6 /* CarRentalTests.xctest */ = {isa = PBXFileReference; explicitFileType = wrapper.cfbundle; includeInIndex = 0; path = CarRentalTests.xctest; sourceTree = BUILT_PRODUCTS_DIR; };
		A20B21EB184C4B57007D09A6 /* XCTest.framework */ = {isa = PBXFileReference; lastKnownFileType = wrapper.framework; name = XCTest.framework; path = Library/Frameworks/XCTest.framework; sourceTree = DEVELOPER_DIR; };
		A20B21F3184C4B57007D09A6 /* CarRentalTests-Info.plist */ = {isa = PBXFileReference; lastKnownFileType = text.plist.xml; path = "CarRentalTests-Info.plist"; sourceTree = "<group>"; };
		A20B21F5184C4B57007D09A6 /* en */ = {isa = PBXFileReference; lastKnownFileType = text.plist.strings; name = en; path = en.lproj/InfoPlist.strings; sourceTree = "<group>"; };
		A20B21F7184C4B57007D09A6 /* CarRentalTests.m */ = {isa = PBXFileReference; lastKnownFileType = sourcecode.c.objc; path = CarRentalTests.m; sourceTree = "<group>"; };
		A2936B29184F58A900C05D03 /* QuartzCore.framework */ = {isa = PBXFileReference; lastKnownFileType = wrapper.framework; name = QuartzCore.framework; path = System/Library/Frameworks/QuartzCore.framework; sourceTree = SDKROOT; };
		A293E0EB184DE0410080DEE9 /* MapKit.framework */ = {isa = PBXFileReference; lastKnownFileType = wrapper.framework; name = MapKit.framework; path = System/Library/Frameworks/MapKit.framework; sourceTree = SDKROOT; };
		A293E0ED184DE04A0080DEE9 /* CoreLocation.framework */ = {isa = PBXFileReference; lastKnownFileType = wrapper.framework; name = CoreLocation.framework; path = System/Library/Frameworks/CoreLocation.framework; sourceTree = SDKROOT; };
/* End PBXFileReference section */

/* Begin PBXFrameworksBuildPhase section */
		A20B21CC184C4B57007D09A6 /* Frameworks */ = {
			isa = PBXFrameworksBuildPhase;
			buildActionMask = 2147483647;
			files = (
				A2936B2A184F58A900C05D03 /* QuartzCore.framework in Frameworks */,
				A293E0EE184DE04A0080DEE9 /* CoreLocation.framework in Frameworks */,
				A293E0EC184DE0410080DEE9 /* MapKit.framework in Frameworks */,
				A20B21D5184C4B57007D09A6 /* CoreGraphics.framework in Frameworks */,
				A20B21D7184C4B57007D09A6 /* UIKit.framework in Frameworks */,
				A20B21D3184C4B57007D09A6 /* Foundation.framework in Frameworks */,
			);
			runOnlyForDeploymentPostprocessing = 0;
		};
		A20B21E7184C4B57007D09A6 /* Frameworks */ = {
			isa = PBXFrameworksBuildPhase;
			buildActionMask = 2147483647;
			files = (
				A20B21EC184C4B57007D09A6 /* XCTest.framework in Frameworks */,
				A20B21EE184C4B57007D09A6 /* UIKit.framework in Frameworks */,
				A20B21ED184C4B57007D09A6 /* Foundation.framework in Frameworks */,
			);
			runOnlyForDeploymentPostprocessing = 0;
		};
/* End PBXFrameworksBuildPhase section */

/* Begin PBXGroup section */
		9F1046EC1D88A2EB00654F93 /* Views */ = {
			isa = PBXGroup;
			children = (
				9F1327871D88A5B000C3AAE8 /* HomeViewController.xib */,
				9F13278F1D88A5B000C3AAE8 /* RegistrationViewController.xib */,
				9F1327881D88A5B000C3AAE8 /* SettingAddressViewController.xib */,
				9F1327891D88A5B000C3AAE8 /* BookCabViewController.xib */,
				9F13278A1D88A5B000C3AAE8 /* ReviewViewController.xib */,
				9F13278B1D88A5B000C3AAE8 /* LocationViewController.xib */,
				9F13278C1D88A5B000C3AAE8 /* BookingStatusViewController.xib */,
				9F13278D1D88A5B000C3AAE8 /* DetailsViewController.xib */,
				9F13278E1D88A5B000C3AAE8 /* CarsViewController.xib */,
				9F1327901D88A5B000C3AAE8 /* BookingHistoryViewController.xib */,
				9F1327911D88A5B000C3AAE8 /* FavouritesViewController.xib */,
				9F1327921D88A5B000C3AAE8 /* HistoryViewController.xib */,
			);
			name = Views;
			sourceTree = "<group>";
		};
		9F1046ED1D88A32000654F93 /* Controllers */ = {
			isa = PBXGroup;
			children = (
				9F1327B41D88A5E700C3AAE8 /* HomeViewController.h */,
				9F13279F1D88A5E700C3AAE8 /* HomeViewController.m */,
				9F1327A11D88A5E700C3AAE8 /* FavouritesViewController.h */,
				9F1327A01D88A5E700C3AAE8 /* FavouritesViewController.m */,
				9F1327A71D88A5E700C3AAE8 /* DetailsViewController.h */,
				9F1327A21D88A5E700C3AAE8 /* DetailsViewController.m */,
				9F1327A81D88A5E700C3AAE8 /* LocationViewController.h */,
				9F1327A31D88A5E700C3AAE8 /* LocationViewController.m */,
				9F1327A51D88A5E700C3AAE8 /* BookCabViewController.h */,
				9F1327A41D88A5E700C3AAE8 /* BookCabViewController.m */,
				9F1327A61D88A5E700C3AAE8 /* CarsViewController.h */,
				9F1327AE1D88A5E700C3AAE8 /* CarsViewController.m */,
				9F1327B61D88A5E700C3AAE8 /* BookingStatusViewController.h */,
				9F1327AC1D88A5E700C3AAE8 /* BookingStatusViewController.m */,
				9F1327A91D88A5E700C3AAE8 /* RegistrationViewController.h */,
				9F1327AF1D88A5E700C3AAE8 /* RegistrationViewController.m */,
				9F1327B11D88A5E700C3AAE8 /* SettingAddressViewController.h */,
				9F1327B01D88A5E700C3AAE8 /* SettingAddressViewController.m */,
				9F1327B21D88A5E700C3AAE8 /* BookingHistoryViewController.h */,
				9F1327AB1D88A5E700C3AAE8 /* BookingHistoryViewController.m */,
				9F1327B31D88A5E700C3AAE8 /* HistoryViewController.h */,
				9F1327AA1D88A5E700C3AAE8 /* HistoryViewController.m */,
				9F1327B51D88A5E700C3AAE8 /* ReviewViewController.h */,
				9F1327AD1D88A5E700C3AAE8 /* ReviewViewController.m */,
			);
			name = Controllers;
			sourceTree = "<group>";
		};
		A20B21C6184C4B57007D09A6 = {
			isa = PBXGroup;
			children = (
				9F1046ED1D88A32000654F93 /* Controllers */,
				9F1046EC1D88A2EB00654F93 /* Views */,
				A2E37FFC184CA41700FCBFC9 /* Assets */,
				A20B21D8184C4B57007D09A6 /* CarRental */,
				A20B21F1184C4B57007D09A6 /* CarRentalTests */,
				A20B21D1184C4B57007D09A6 /* Frameworks */,
				A20B21D0184C4B57007D09A6 /* Products */,
			);
			sourceTree = "<group>";
		};
		A20B21D0184C4B57007D09A6 /* Products */ = {
			isa = PBXGroup;
			children = (
				A20B21CF184C4B57007D09A6 /* CarRental.app */,
				A20B21EA184C4B57007D09A6 /* CarRentalTests.xctest */,
			);
			name = Products;
			sourceTree = "<group>";
		};
		A20B21D1184C4B57007D09A6 /* Frameworks */ = {
			isa = PBXGroup;
			children = (
				A2936B29184F58A900C05D03 /* QuartzCore.framework */,
				A293E0ED184DE04A0080DEE9 /* CoreLocation.framework */,
				A293E0EB184DE0410080DEE9 /* MapKit.framework */,
				A20B21D2184C4B57007D09A6 /* Foundation.framework */,
				A20B21D4184C4B57007D09A6 /* CoreGraphics.framework */,
				A20B21D6184C4B57007D09A6 /* UIKit.framework */,
				A20B21EB184C4B57007D09A6 /* XCTest.framework */,
			);
			name = Frameworks;
			sourceTree = "<group>";
		};
		A20B21D8184C4B57007D09A6 /* CarRental */ = {
			isa = PBXGroup;
			children = (
				A20B21E1184C4B57007D09A6 /* AppDelegate.h */,
				A20B21E2184C4B57007D09A6 /* AppDelegate.m */,
				A20B21E4184C4B57007D09A6 /* Images.xcassets */,
				A20B21D9184C4B57007D09A6 /* Supporting Files */,
			);
			path = CarRental;
			sourceTree = "<group>";
		};
		A20B21D9184C4B57007D09A6 /* Supporting Files */ = {
			isa = PBXGroup;
			children = (
				A20B21DA184C4B57007D09A6 /* CarRental-Info.plist */,
				A20B21DB184C4B57007D09A6 /* InfoPlist.strings */,
				A20B21DE184C4B57007D09A6 /* main.m */,
				A20B21E0184C4B57007D09A6 /* CarRental-Prefix.pch */,
			);
			name = "Supporting Files";
			sourceTree = "<group>";
		};
		A20B21F1184C4B57007D09A6 /* CarRentalTests */ = {
			isa = PBXGroup;
			children = (
				A20B21F7184C4B57007D09A6 /* CarRentalTests.m */,
				A20B21F2184C4B57007D09A6 /* Supporting Files */,
			);
			path = CarRentalTests;
			sourceTree = "<group>";
		};
		A20B21F2184C4B57007D09A6 /* Supporting Files */ = {
			isa = PBXGroup;
			children = (
				A20B21F3184C4B57007D09A6 /* CarRentalTests-Info.plist */,
				A20B21F4184C4B57007D09A6 /* InfoPlist.strings */,
			);
			name = "Supporting Files";
			sourceTree = "<group>";
		};
		A2E37FFC184CA41700FCBFC9 /* Assets */ = {
			isa = PBXGroup;
			children = (
				9F1327C31D88A62900C3AAE8 /* facebook.jpeg */,
				9F1327C41D88A62900C3AAE8 /* marker.png */,
				9F1327C51D88A62900C3AAE8 /* yellowCar.png */,
				9F1327C61D88A62900C3AAE8 /* redCar.png */,
				9F1327C71D88A62900C3AAE8 /* close.png */,
				9F1327C81D88A62900C3AAE8 /* Icon.png */,
				9F1327C91D88A62900C3AAE8 /* Icon@2x.png */,
				9F1327CA1D88A62900C3AAE8 /* mapsiconios6.png */,
				9F1327CB1D88A62900C3AAE8 /* From.png */,
				9F1327CC1D88A62900C3AAE8 /* to.png */,
				9F1327CD1D88A62900C3AAE8 /* people-icon.png */,
				9F1327CE1D88A62900C3AAE8 /* clock-icon-hi.png */,
				9F1327CF1D88A62900C3AAE8 /* car.png */,
				9F1327D01D88A62900C3AAE8 /* backg.jpeg */,
				9F1327D11D88A62900C3AAE8 /* line_separator.png */,
				9F1327D21D88A62900C3AAE8 /* favourites.png */,
				9F1327D31D88A62900C3AAE8 /* office.png */,
				9F1327D41D88A62900C3AAE8 /* home.png */,
				9F1327D51D88A62900C3AAE8 /* checkPoint.png */,
				9F1327D61D88A62900C3AAE8 /* from.jpg */,
				9F1327D71D88A62900C3AAE8 /* Clock-Small.png */,
				9F1327D81D88A62900C3AAE8 /* pencil-small-icon.png */,
				9F1327D91D88A62900C3AAE8 /* 1c39fc8f48fe4f7fc2e30d819c3c66e7 copy.png */,
				9F1327DA1D88A62900C3AAE8 /* Logga.jpg */,
				9F1327DB1D88A62900C3AAE8 /* taxi.jpg */,
				9F1327DC1D88A62900C3AAE8 /* benz.jpg */,
				9F1327DD1D88A62900C3AAE8 /* audi.jpg */,
				9F1327DE1D88A62900C3AAE8 /* calendar.png */,
				9F1327DF1D88A62900C3AAE8 /* carLogo.jpg */,
				9F1327E01D88A62900C3AAE8 /* cabDetails.jpg */,
			);
			name = Assets;
			sourceTree = "<group>";
		};
/* End PBXGroup section */

/* Begin PBXNativeTarget section */
		A20B21CE184C4B57007D09A6 /* CarRental */ = {
			isa = PBXNativeTarget;
			buildConfigurationList = A20B21FB184C4B57007D09A6 /* Build configuration list for PBXNativeTarget "CarRental" */;
			buildPhases = (
				A20B21CB184C4B57007D09A6 /* Sources */,
				A20B21CC184C4B57007D09A6 /* Frameworks */,
				A20B21CD184C4B57007D09A6 /* Resources */,
			);
			buildRules = (
			);
			dependencies = (
			);
			name = CarRental;
			productName = CarRental;
			productReference = A20B21CF184C4B57007D09A6 /* CarRental.app */;
			productType = "com.apple.product-type.application";
		};
		A20B21E9184C4B57007D09A6 /* CarRentalTests */ = {
			isa = PBXNativeTarget;
			buildConfigurationList = A20B21FE184C4B57007D09A6 /* Build configuration list for PBXNativeTarget "CarRentalTests" */;
			buildPhases = (
				A20B21E6184C4B57007D09A6 /* Sources */,
				A20B21E7184C4B57007D09A6 /* Frameworks */,
				A20B21E8184C4B57007D09A6 /* Resources */,
			);
			buildRules = (
			);
			dependencies = (
				A20B21F0184C4B57007D09A6 /* PBXTargetDependency */,
			);
			name = CarRentalTests;
			productName = CarRentalTests;
			productReference = A20B21EA184C4B57007D09A6 /* CarRentalTests.xctest */;
			productType = "com.apple.product-type.bundle.unit-test";
		};
/* End PBXNativeTarget section */

/* Begin PBXProject section */
		A20B21C7184C4B57007D09A6 /* Project object */ = {
			isa = PBXProject;
			attributes = {
				LastUpgradeCheck = 0730;
				ORGANIZATIONNAME = abhinaybalusu;
				TargetAttributes = {
					A20B21E9184C4B57007D09A6 = {
						TestTargetID = A20B21CE184C4B57007D09A6;
					};
				};
			};
			buildConfigurationList = A20B21CA184C4B57007D09A6 /* Build configuration list for PBXProject "CarRental" */;
			compatibilityVersion = "Xcode 3.2";
			developmentRegion = English;
			hasScannedForEncodings = 0;
			knownRegions = (
				en,
			);
			mainGroup = A20B21C6184C4B57007D09A6;
			productRefGroup = A20B21D0184C4B57007D09A6 /* Products */;
			projectDirPath = "";
			projectRoot = "";
			targets = (
				A20B21CE184C4B57007D09A6 /* CarRental */,
				A20B21E9184C4B57007D09A6 /* CarRentalTests */,
			);
		};
/* End PBXProject section */

/* Begin PBXResourcesBuildPhase section */
		A20B21CD184C4B57007D09A6 /* Resources */ = {
			isa = PBXResourcesBuildPhase;
			buildActionMask = 2147483647;
			files = (
				9F1327951D88A5B000C3AAE8 /* BookCabViewController.xib in Resources */,
				9F1327971D88A5B000C3AAE8 /* LocationViewController.xib in Resources */,
				9F1327991D88A5B000C3AAE8 /* DetailsViewController.xib in Resources */,
				9F1327F11D88A62900C3AAE8 /* office.png in Resources */,
				9F1327F21D88A62900C3AAE8 /* home.png in Resources */,
				A20B21DD184C4B57007D09A6 /* InfoPlist.strings in Resources */,
				9F1327FA1D88A62900C3AAE8 /* benz.jpg in Resources */,
				9F1327FC1D88A62900C3AAE8 /* calendar.png in Resources */,
				9F1327FB1D88A62900C3AAE8 /* audi.jpg in Resources */,
				9F1327F31D88A62900C3AAE8 /* checkPoint.png in Resources */,
				9F1327E31D88A62900C3AAE8 /* yellowCar.png in Resources */,
				9F13279D1D88A5B000C3AAE8 /* FavouritesViewController.xib in Resources */,
				9F1327E41D88A62900C3AAE8 /* redCar.png in Resources */,
				9F13279E1D88A5B000C3AAE8 /* HistoryViewController.xib in Resources */,
				9F1327F61D88A62900C3AAE8 /* pencil-small-icon.png in Resources */,
				9F1327931D88A5B000C3AAE8 /* HomeViewController.xib in Resources */,
				9F1327961D88A5B000C3AAE8 /* ReviewViewController.xib in Resources */,
				9F1327F81D88A62900C3AAE8 /* Logga.jpg in Resources */,
				9F1327F51D88A62900C3AAE8 /* Clock-Small.png in Resources */,
				9F1327E51D88A62900C3AAE8 /* close.png in Resources */,
				A20B21E5184C4B57007D09A6 /* Images.xcassets in Resources */,
				9F1327ED1D88A62900C3AAE8 /* car.png in Resources */,
				9F1327F01D88A62900C3AAE8 /* favourites.png in Resources */,
				9F1327F71D88A62900C3AAE8 /* 1c39fc8f48fe4f7fc2e30d819c3c66e7 copy.png in Resources */,
				9F1327EA1D88A62900C3AAE8 /* to.png in Resources */,
				9F1327FD1D88A62900C3AAE8 /* carLogo.jpg in Resources */,
				9F1327E61D88A62900C3AAE8 /* Icon.png in Resources */,
				9F1327F41D88A62900C3AAE8 /* from.jpg in Resources */,
				9F1327EC1D88A62900C3AAE8 /* clock-icon-hi.png in Resources */,
				9F1327E11D88A62900C3AAE8 /* facebook.jpeg in Resources */,
				9F13279B1D88A5B000C3AAE8 /* RegistrationViewController.xib in Resources */,
				9F1327EB1D88A62900C3AAE8 /* people-icon.png in Resources */,
				9F13279A1D88A5B000C3AAE8 /* CarsViewController.xib in Resources */,
				9F1327E81D88A62900C3AAE8 /* mapsiconios6.png in Resources */,
				9F1327E71D88A62900C3AAE8 /* Icon@2x.png in Resources */,
				9F1327F91D88A62900C3AAE8 /* taxi.jpg in Resources */,
				9F1327EE1D88A62900C3AAE8 /* backg.jpeg in Resources */,
				9F1327981D88A5B000C3AAE8 /* BookingStatusViewController.xib in Resources */,
				9F1327E91D88A62900C3AAE8 /* From.png in Resources */,
				9F13279C1D88A5B000C3AAE8 /* BookingHistoryViewController.xib in Resources */,
				9F1327EF1D88A62900C3AAE8 /* line_separator.png in Resources */,
				9F1327FE1D88A62900C3AAE8 /* cabDetails.jpg in Resources */,
				9F1327941D88A5B000C3AAE8 /* SettingAddressViewController.xib in Resources */,
				9F1327E21D88A62900C3AAE8 /* marker.png in Resources */,
			);
			runOnlyForDeploymentPostprocessing = 0;
		};
		A20B21E8184C4B57007D09A6 /* Resources */ = {
			isa = PBXResourcesBuildPhase;
			buildActionMask = 2147483647;
			files = (
				A20B21F6184C4B57007D09A6 /* InfoPlist.strings in Resources */,
			);
			runOnlyForDeploymentPostprocessing = 0;
		};
/* End PBXResourcesBuildPhase section */

/* Begin PBXSourcesBuildPhase section */
		A20B21CB184C4B57007D09A6 /* Sources */ = {
			isa = PBXSourcesBuildPhase;
			buildActionMask = 2147483647;
			files = (
				9F1327BE1D88A5E700C3AAE8 /* BookingStatusViewController.m in Sources */,
				9F1327B81D88A5E700C3AAE8 /* FavouritesViewController.m in Sources */,
				9F1327BD1D88A5E700C3AAE8 /* BookingHistoryViewController.m in Sources */,
				9F1327BA1D88A5E700C3AAE8 /* LocationViewController.m in Sources */,
				9F1327BB1D88A5E700C3AAE8 /* BookCabViewController.m in Sources */,
				9F1327BC1D88A5E700C3AAE8 /* HistoryViewController.m in Sources */,
				9F1327BF1D88A5E700C3AAE8 /* ReviewViewController.m in Sources */,
				9F1327C01D88A5E700C3AAE8 /* CarsViewController.m in Sources */,
				9F1327B91D88A5E700C3AAE8 /* DetailsViewController.m in Sources */,
				A20B21E3184C4B57007D09A6 /* AppDelegate.m in Sources */,
				9F1327C21D88A5E700C3AAE8 /* SettingAddressViewController.m in Sources */,
				A20B21DF184C4B57007D09A6 /* main.m in Sources */,
				9F1327C11D88A5E700C3AAE8 /* RegistrationViewController.m in Sources */,
				9F1327B71D88A5E700C3AAE8 /* HomeViewController.m in Sources */,
			);
			runOnlyForDeploymentPostprocessing = 0;
		};
		A20B21E6184C4B57007D09A6 /* Sources */ = {
			isa = PBXSourcesBuildPhase;
			buildActionMask = 2147483647;
			files = (
				A20B21F8184C4B57007D09A6 /* CarRentalTests.m in Sources */,
			);
			runOnlyForDeploymentPostprocessing = 0;
		};
/* End PBXSourcesBuildPhase section */

/* Begin PBXTargetDependency section */
		A20B21F0184C4B57007D09A6 /* PBXTargetDependency */ = {
			isa = PBXTargetDependency;
			target = A20B21CE184C4B57007D09A6 /* CarRental */;
			targetProxy = A20B21EF184C4B57007D09A6 /* PBXContainerItemProxy */;
		};
/* End PBXTargetDependency section */

/* Begin PBXVariantGroup section */
		A20B21DB184C4B57007D09A6 /* InfoPlist.strings */ = {
			isa = PBXVariantGroup;
			children = (
				A20B21DC184C4B57007D09A6 /* en */,
			);
			name = InfoPlist.strings;
			sourceTree = "<group>";
		};
		A20B21F4184C4B57007D09A6 /* InfoPlist.strings */ = {
			isa = PBXVariantGroup;
			children = (
				A20B21F5184C4B57007D09A6 /* en */,
			);
			name = InfoPlist.strings;
			sourceTree = "<group>";
		};
/* End PBXVariantGroup section */

/* Begin XCBuildConfiguration section */
		A20B21F9184C4B57007D09A6 /* Debug */ = {
			isa = XCBuildConfiguration;
			buildSettings = {
				ALWAYS_SEARCH_USER_PATHS = NO;
				CLANG_CXX_LANGUAGE_STANDARD = "gnu++0x";
				CLANG_CXX_LIBRARY = "libc++";
				CLANG_ENABLE_MODULES = YES;
				CLANG_ENABLE_OBJC_ARC = YES;
				CLANG_WARN_BOOL_CONVERSION = YES;
				CLANG_WARN_CONSTANT_CONVERSION = YES;
				CLANG_WARN_DIRECT_OBJC_ISA_USAGE = YES_ERROR;
				CLANG_WARN_EMPTY_BODY = YES;
				CLANG_WARN_ENUM_CONVERSION = YES;
				CLANG_WARN_INT_CONVERSION = YES;
				CLANG_WARN_OBJC_ROOT_CLASS = YES_ERROR;
				CLANG_WARN__DUPLICATE_METHOD_MATCH = YES;
				"CODE_SIGN_IDENTITY[sdk=iphoneos*]" = "iPhone Developer";
				COPY_PHASE_STRIP = NO;
				ENABLE_TESTABILITY = YES;
				GCC_C_LANGUAGE_STANDARD = gnu99;
				GCC_DYNAMIC_NO_PIC = NO;
				GCC_OPTIMIZATION_LEVEL = 0;
				GCC_PREPROCESSOR_DEFINITIONS = (
					"DEBUG=1",
					"$(inherited)",
				);
				GCC_SYMBOLS_PRIVATE_EXTERN = NO;
				GCC_WARN_64_TO_32_BIT_CONVERSION = YES;
				GCC_WARN_ABOUT_RETURN_TYPE = YES_ERROR;
				GCC_WARN_UNDECLARED_SELECTOR = YES;
				GCC_WARN_UNINITIALIZED_AUTOS = YES;
				GCC_WARN_UNUSED_FUNCTION = YES;
				GCC_WARN_UNUSED_VARIABLE = YES;
				IPHONEOS_DEPLOYMENT_TARGET = 7.0;
				ONLY_ACTIVE_ARCH = YES;
				SDKROOT = iphoneos;
			};
			name = Debug;
		};
		A20B21FA184C4B57007D09A6 /* Release */ = {
			isa = XCBuildConfiguration;
			buildSettings = {
				ALWAYS_SEARCH_USER_PATHS = NO;
				CLANG_CXX_LANGUAGE_STANDARD = "gnu++0x";
				CLANG_CXX_LIBRARY = "libc++";
				CLANG_ENABLE_MODULES = YES;
				CLANG_ENABLE_OBJC_ARC = YES;
				CLANG_WARN_BOOL_CONVERSION = YES;
				CLANG_WARN_CONSTANT_CONVERSION = YES;
				CLANG_WARN_DIRECT_OBJC_ISA_USAGE = YES_ERROR;
				CLANG_WARN_EMPTY_BODY = YES;
				CLANG_WARN_ENUM_CONVERSION = YES;
				CLANG_WARN_INT_CONVERSION = YES;
				CLANG_WARN_OBJC_ROOT_CLASS = YES_ERROR;
				CLANG_WARN__DUPLICATE_METHOD_MATCH = YES;
				"CODE_SIGN_IDENTITY[sdk=iphoneos*]" = "iPhone Developer";
				COPY_PHASE_STRIP = YES;
				ENABLE_NS_ASSERTIONS = NO;
				GCC_C_LANGUAGE_STANDARD = gnu99;
				GCC_WARN_64_TO_32_BIT_CONVERSION = YES;
				GCC_WARN_ABOUT_RETURN_TYPE = YES_ERROR;
				GCC_WARN_UNDECLARED_SELECTOR = YES;
				GCC_WARN_UNINITIALIZED_AUTOS = YES;
				GCC_WARN_UNUSED_FUNCTION = YES;
				GCC_WARN_UNUSED_VARIABLE = YES;
				IPHONEOS_DEPLOYMENT_TARGET = 7.0;
				SDKROOT = iphoneos;
				VALIDATE_PRODUCT = YES;
			};
			name = Release;
		};
		A20B21FC184C4B57007D09A6 /* Debug */ = {
			isa = XCBuildConfiguration;
			buildSettings = {
				ASSETCATALOG_COMPILER_APPICON_NAME = AppIcon;
				ASSETCATALOG_COMPILER_LAUNCHIMAGE_NAME = LaunchImage;
				CODE_SIGN_IDENTITY = "iPhone Developer";
				"CODE_SIGN_IDENTITY[sdk=iphoneos*]" = "iPhone Developer";
				GCC_PRECOMPILE_PREFIX_HEADER = YES;
				GCC_PREFIX_HEADER = "CarRental/CarRental-Prefix.pch";
				INFOPLIST_FILE = "CarRental/CarRental-Info.plist";
				IPHONEOS_DEPLOYMENT_TARGET = 8.0;
				PRODUCT_BUNDLE_IDENTIFIER = com.mad.CarRental;
				PRODUCT_NAME = "$(TARGET_NAME)";
				PROVISIONING_PROFILE = "";
				WRAPPER_EXTENSION = app;
			};
			name = Debug;
		};
		A20B21FD184C4B57007D09A6 /* Release */ = {
			isa = XCBuildConfiguration;
			buildSettings = {
				ASSETCATALOG_COMPILER_APPICON_NAME = AppIcon;
				ASSETCATALOG_COMPILER_LAUNCHIMAGE_NAME = LaunchImage;
				CODE_SIGN_IDENTITY = "iPhone Developer";
				"CODE_SIGN_IDENTITY[sdk=iphoneos*]" = "iPhone Developer";
				GCC_PRECOMPILE_PREFIX_HEADER = YES;
				GCC_PREFIX_HEADER = "CarRental/CarRental-Prefix.pch";
				INFOPLIST_FILE = "CarRental/CarRental-Info.plist";
				IPHONEOS_DEPLOYMENT_TARGET = 8.0;
				PRODUCT_BUNDLE_IDENTIFIER = com.mad.CarRental;
				PRODUCT_NAME = "$(TARGET_NAME)";
				PROVISIONING_PROFILE = "";
				WRAPPER_EXTENSION = app;
			};
			name = Release;
		};
		A20B21FF184C4B57007D09A6 /* Debug */ = {
			isa = XCBuildConfiguration;
			buildSettings = {
				BUNDLE_LOADER = "$(BUILT_PRODUCTS_DIR)/CarRental.app/CarRental";
				FRAMEWORK_SEARCH_PATHS = (
					"$(SDKROOT)/Developer/Library/Frameworks",
					"$(inherited)",
					"$(DEVELOPER_FRAMEWORKS_DIR)",
				);
				GCC_PRECOMPILE_PREFIX_HEADER = YES;
				GCC_PREFIX_HEADER = "CarRental/CarRental-Prefix.pch";
				GCC_PREPROCESSOR_DEFINITIONS = (
					"DEBUG=1",
					"$(inherited)",
				);
				INFOPLIST_FILE = "CarRentalTests/CarRentalTests-Info.plist";
				PRODUCT_BUNDLE_IDENTIFIER = "com.tanla.mad.${PRODUCT_NAME:rfc1034identifier}";
				PRODUCT_NAME = "$(TARGET_NAME)";
				TEST_HOST = "$(BUNDLE_LOADER)";
				WRAPPER_EXTENSION = xctest;
			};
			name = Debug;
		};
		A20B2200184C4B57007D09A6 /* Release */ = {
			isa = XCBuildConfiguration;
			buildSettings = {
				BUNDLE_LOADER = "$(BUILT_PRODUCTS_DIR)/CarRental.app/CarRental";
				FRAMEWORK_SEARCH_PATHS = (
					"$(SDKROOT)/Developer/Library/Frameworks",
					"$(inherited)",
					"$(DEVELOPER_FRAMEWORKS_DIR)",
				);
				GCC_PRECOMPILE_PREFIX_HEADER = YES;
				GCC_PREFIX_HEADER = "CarRental/CarRental-Prefix.pch";
				INFOPLIST_FILE = "CarRentalTests/CarRentalTests-Info.plist";
				PRODUCT_BUNDLE_IDENTIFIER = "com.tanla.mad.${PRODUCT_NAME:rfc1034identifier}";
				PRODUCT_NAME = "$(TARGET_NAME)";
				TEST_HOST = "$(BUNDLE_LOADER)";
				WRAPPER_EXTENSION = xctest;
			};
			name = Release;
		};
/* End XCBuildConfiguration section */

/* Begin XCConfigurationList section */
		A20B21CA184C4B57007D09A6 /* Build configuration list for PBXProject "CarRental" */ = {
			isa = XCConfigurationList;
			buildConfigurations = (
				A20B21F9184C4B57007D09A6 /* Debug */,
				A20B21FA184C4B57007D09A6 /* Release */,
			);
			defaultConfigurationIsVisible = 0;
			defaultConfigurationName = Release;
		};
		A20B21FB184C4B57007D09A6 /* Build configuration list for PBXNativeTarget "CarRental" */ = {
			isa = XCConfigurationList;
			buildConfigurations = (
				A20B21FC184C4B57007D09A6 /* Debug */,
				A20B21FD184C4B57007D09A6 /* Release */,
			);
			defaultConfigurationIsVisible = 0;
			defaultConfigurationName = Release;
		};
		A20B21FE184C4B57007D09A6 /* Build configuration list for PBXNativeTarget "CarRentalTests" */ = {
			isa = XCConfigurationList;
			buildConfigurations = (
				A20B21FF184C4B57007D09A6 /* Debug */,
				A20B2200184C4B57007D09A6 /* Release */,
			);
			defaultConfigurationIsVisible = 0;
			defaultConfigurationName = Release;
		};
/* End XCConfigurationList section */
	};
	rootObject = A20B21C7184C4B57007D09A6 /* Project object */;
}
